{
  "projects": [
    {
      "projectId": "caTPwKxj5ZrD9LQ7DMdK4Z",
      "version": "3.11.0",
      "dependencies": {},
      "lang": "ts",
      "fileLocks": [
        {
          "assetId": "caTPwKxj5ZrD9LQ7DMdK4Z",
          "type": "projectCss",
          "checksum": "3f861d9934733b06ddcc0158487615ce"
        }
      ],
      "codegenVersion": "0.0.1"
    },
    {
      "projectId": "7nJ7UcFmq9UzB6eXfC5z4a",
      "version": "0.8.0",
      "dependencies": {},
      "lang": "ts",
      "fileLocks": [
        {
          "assetId": "7nJ7UcFmq9UzB6eXfC5z4a",
          "type": "projectCss",
          "checksum": "8cf9dfd353bbaf2b2583e7046e8136fb"
        }
      ],
      "codegenVersion": "0.0.1"
    },
    {
      "projectId": "kmmGrmCVRJPgZ5NNJMDQ4v",
      "version": "0.9.0",
      "dependencies": {},
      "lang": "ts",
      "fileLocks": [
        {
          "assetId": "kmmGrmCVRJPgZ5NNJMDQ4v",
          "type": "projectCss",
          "checksum": "dd7de7af23dae5f9bf9adf08c16dae86"
        },
        {
          "assetId": "kmmGrmCVRJPgZ5NNJMDQ4v",
          "checksum": "381f8839221b8bab19ed842367029b0e",
          "type": "globalContexts"
        }
      ],
      "codegenVersion": "0.0.1"
    },
    {
      "projectId": "hjKYmYi6HMwK6TRyk7ew5R",
      "version": "6.11.0",
      "dependencies": {},
      "lang": "ts",
      "fileLocks": [
        {
          "assetId": "hjKYmYi6HMwK6TRyk7ew5R",
          "type": "projectCss",
          "checksum": "e2a20cff976d3b9fabfeecba32540b91"
        },
        {
          "assetId": "hjKYmYi6HMwK6TRyk7ew5R",
          "checksum": "090afba908f762c0bd0061c3d5d62529",
          "type": "globalContexts"
        }
      ],
      "codegenVersion": "0.0.1"
    },
    {
      "projectId": "YUiM7yqBWAqsh8KSnrdj7",
      "version": "0.10.0",
      "dependencies": {},
      "lang": "ts",
      "fileLocks": [
        {
          "assetId": "YUiM7yqBWAqsh8KSnrdj7",
          "type": "projectCss",
          "checksum": "6be9dbec891937cda3b59d2fd3c44796"
        }
      ],
      "codegenVersion": "0.0.1"
    },
    {
      "projectId": "9u4jBEkqWUKrrXSfUUFFfk",
      "version": "latest",
      "dependencies": {
        "YUiM7yqBWAqsh8KSnrdj7": "0.10.0",
        "hjKYmYi6HMwK6TRyk7ew5R": "6.11.0",
        "kmmGrmCVRJPgZ5NNJMDQ4v": "0.9.0",
        "7nJ7UcFmq9UzB6eXfC5z4a": "0.8.0",
        "caTPwKxj5ZrD9LQ7DMdK4Z": "3.11.0"
      },
      "lang": "ts",
      "fileLocks": [
        {
          "type": "globalVariant",
          "assetId": "GPWDE9_m3Mng",
          "checksum": "607aaa73790d2a6c0b659c74d293edb1"
        },
        {
          "assetId": "9u4jBEkqWUKrrXSfUUFFfk",
          "checksum": "b71e5cbd5b0b0613e29547b7a7d48f35",
          "type": "globalContexts"
        },
        {
          "type": "renderModule",
          "assetId": "tGhiKRCWdC1",
          "checksum": "6eb66c5083d177c33abdc346be0d337a"
        },
        {
          "type": "cssRules",
          "assetId": "tGhiKRCWdC1",
          "checksum": "6eb66c5083d177c33abdc346be0d337a"
        },
        {
          "type": "renderModule",
          "assetId": "9VYjHrft0vJj",
          "checksum": "50048a78a4a57f1e6033fab2962f24b3"
        },
        {
          "type": "cssRules",
          "assetId": "9VYjHrft0vJj",
          "checksum": "50048a78a4a57f1e6033fab2962f24b3"
        },
        {
          "type": "renderModule",
          "assetId": "2LavSKTrjq",
          "checksum": "f08156fca7cc57755656f35ee0b9fbfa"
        },
        {
          "type": "cssRules",
          "assetId": "2LavSKTrjq",
          "checksum": "f08156fca7cc57755656f35ee0b9fbfa"
        },
        {
          "type": "renderModule",
          "assetId": "VYTD6jD3PVG",
          "checksum": "219c55fa5b826935a99d22592ea7c813"
        },
        {
          "type": "cssRules",
          "assetId": "VYTD6jD3PVG",
          "checksum": "219c55fa5b826935a99d22592ea7c813"
        },
        {
          "type": "renderModule",
          "assetId": "oXgnbMzjmEb",
          "checksum": "9c954a84e687e5adde197a431ccc7b94"
        },
        {
          "type": "cssRules",
          "assetId": "oXgnbMzjmEb",
          "checksum": "9c954a84e687e5adde197a431ccc7b94"
        },
        {
          "type": "icon",
          "assetId": "LM5WZ4deOJj",
          "checksum": "cf0170ec675d011aead96cdfc5bfab0e"
        },
        {
          "type": "icon",
          "assetId": "zqlOFDpUxj24",
          "checksum": "3a57fdc65665abf22bf78edfb91eb7e7"
        },
        {
          "type": "icon",
          "assetId": "xS7-lcUTPSbf",
          "checksum": "ba563c9ae68b45ca8a6a739ba786e790"
        },
        {
          "type": "icon",
          "assetId": "OQdAlXTxFB",
          "checksum": "ecb1a4cf9ad04acdc7f7e3959b314d2c"
        },
        {
          "type": "icon",
          "assetId": "2YrpjGNjOnmx",
          "checksum": "fc5a14dfed7c5baa15a87a674c549f42"
        },
        {
          "type": "icon",
          "assetId": "8ddcoM9O92VX",
          "checksum": "02e28a68376664b8660ea527d6988f92"
        },
        {
          "type": "icon",
          "assetId": "Vehc2GSSmdAW",
          "checksum": "7a187991859cecea91b6d00264048e80"
        },
        {
          "type": "icon",
          "assetId": "mLLNiYFIAvU",
          "checksum": "634c419bd53a9d02cd503c4ff2eb6569"
        },
        {
          "type": "image",
          "assetId": "Se1OQfN3S",
          "checksum": "bce0baf5dde291a0cbd3961bf96795a5"
        },
        {
          "type": "image",
          "assetId": "wWIZmrKQ1v",
          "checksum": "3bc4a697525d86e54f54f43123ae290c"
        },
        {
          "type": "image",
          "assetId": "Va2WfzbNym",
          "checksum": "33a6879bd0fa0fbc5a7c4070a203fbf2"
        },
        {
          "type": "image",
          "assetId": "PWvGZrwIVz",
          "checksum": "574cd5296dad19879758c03d10f5486d"
        },
        {
          "type": "image",
          "assetId": "R4njYmSs0e",
          "checksum": "77d9a2adefaa57adff51bf4d099b5070"
        },
        {
          "type": "image",
          "assetId": "Ep5hwsfvNB",
          "checksum": "1860804cae5774b97a7e2c029122bba0"
        },
        {
          "type": "image",
          "assetId": "opZ0RYBiNX",
          "checksum": "9db7a3a20de53dd79455d70c0d61f291"
        },
        {
          "type": "image",
          "assetId": "wKivdak8y8",
          "checksum": "8b71e0e2667651498f5a2356ac6583ff"
        },
        {
          "type": "image",
          "assetId": "TB1R4GZ5Mp",
          "checksum": "b07737c47bd249353622b009c08a89af"
        },
        {
          "type": "image",
          "assetId": "ICcGVlv3NX",
          "checksum": "d4ca21e7f2ecd3d3d38851b1f1fb7b94"
        },
        {
          "type": "image",
          "assetId": "v-VOvkCIR0C0",
          "checksum": "5b41ae401811d6d25c2fa96996c64ff2"
        },
        {
          "type": "image",
          "assetId": "6kGMMU6zAwoi",
          "checksum": "7d8d365e23fcde2779e938345cb797a1"
        },
        {
          "type": "image",
          "assetId": "Lmdz_psa4SvD",
          "checksum": "24b55a5ad251db298edf09b0c95d9fb9"
        },
        {
          "type": "image",
          "assetId": "mTM1VPIw1yqn",
          "checksum": "fe287dd87b146fd1d8d4da0754c03f60"
        },
        {
          "type": "image",
          "assetId": "oruqXhPK5pmk",
          "checksum": "406b87f97e4f5e647eec855da01ee55f"
        },
        {
          "type": "image",
          "assetId": "5PaC5fimNH9h",
          "checksum": "4272dc1fe30cec34f39d06a0225325c0"
        },
        {
          "type": "image",
          "assetId": "vcKwPz2PW3QW",
          "checksum": "24236ebea617be04513a82b3d411f647"
        },
        {
          "type": "image",
          "assetId": "h0OgHe7D56ao",
          "checksum": "8c61d45b0d8c2f42df34f02728c7fc77"
        },
        {
          "type": "image",
          "assetId": "x5UXnxlWnztC",
          "checksum": "1681ef071a3df43fbbacca68e285e406"
        },
        {
          "type": "image",
          "assetId": "Id9svOs8l3KE",
          "checksum": "ccb3e929c3c852df237585f326fd5193"
        },
        {
          "type": "image",
          "assetId": "NWmwHcXXwo2R",
          "checksum": "58cf9f3e784b3f31950ef09cddfea83a"
        },
        {
          "type": "image",
          "assetId": "zVl7vNl0Dexk",
          "checksum": "44e3fe16d769d45d9d54f11120646d9e"
        },
        {
          "type": "image",
          "assetId": "J3em60GoABcT",
          "checksum": "b3e3176d7ff98bab8199957c9e66ebb2"
        },
        {
          "type": "image",
          "assetId": "UsYPlRy_jwOo",
          "checksum": "07a645ce405a9570c4cf9e020f2d59a4"
        },
        {
          "type": "image",
          "assetId": "5Z10z-aoWxkm",
          "checksum": "8b700e8ea054dcd59df8d63226f0f922"
        },
        {
          "type": "image",
          "assetId": "4zXmWklsACv0",
          "checksum": "d422b1bfa0a5e2d7a7a78a621928b661"
        },
        {
          "type": "image",
          "assetId": "WEvfw_RCaYya",
          "checksum": "9f89b380b76767200dace29529c060db"
        },
        {
          "type": "image",
          "assetId": "g_7P12AV--dJ",
          "checksum": "d55fd9ee82308d23ac61b2018694002f"
        },
        {
          "type": "image",
          "assetId": "7HvjBXKem72e",
          "checksum": "3676c63881695488f8e45b5ca47647b9"
        },
        {
          "type": "image",
          "assetId": "gZNQZp1Y9r3u",
          "checksum": "d62857206d6d599d9f979975781ce1cd"
        },
        {
          "type": "image",
          "assetId": "RILNVaqBXmEZ",
          "checksum": "10ed102ac4deaaf84dd49249c1942361"
        },
        {
          "type": "image",
          "assetId": "giLWYAjzClyg",
          "checksum": "0c3bb94b07d1c7d6a10cafc859d76f15"
        },
        {
          "type": "image",
          "assetId": "WSNk5_qx0A2V",
          "checksum": "f9a3322f3b166ee88cab62eebdfe2913"
        },
        {
          "type": "image",
          "assetId": "jbh8kZtS3",
          "checksum": "7157494858196405b0534d732b4131b6"
        },
        {
          "type": "image",
          "assetId": "cxz_16WfHz",
          "checksum": "736eeada26205b11299625dfc151c6ff"
        },
        {
          "type": "image",
          "assetId": "d-rmCDGQv2",
          "checksum": "c0e23f80f11031a61a739ae26e5112f4"
        },
        {
          "type": "image",
          "assetId": "O1zQevX_iC",
          "checksum": "8a0a5bc7fa7f320f123e15e263c0ce4e"
        },
        {
          "type": "image",
          "assetId": "RLB5NT3rUd",
          "checksum": "8c208b695124bb673e318a95ad220a7f"
        },
        {
          "type": "renderModule",
          "assetId": "JO_Hju0Bhq",
          "checksum": "540cbe952d41c8b593a206dca98eb8be"
        },
        {
          "type": "cssRules",
          "assetId": "JO_Hju0Bhq",
          "checksum": "540cbe952d41c8b593a206dca98eb8be"
        },
        {
          "type": "image",
          "assetId": "TceoKjKQ8",
          "checksum": "3235b34e5f8c886c848638ccc2cef4f9"
        },
        {
          "type": "image",
          "assetId": "io9cGEfbA",
          "checksum": "8c334bd1957b2af9ed4160a1b2091623"
        },
        {
          "type": "image",
          "assetId": "oEvaEHC3L",
          "checksum": "67bf7b413416623c7bdf8ed192c290fe"
        },
        {
          "assetId": "9u4jBEkqWUKrrXSfUUFFfk",
          "type": "projectCss",
          "checksum": "4548d8c62d7b68ab1f241e33b4ea142c"
        }
      ],
      "codegenVersion": "0.0.1"
    }
  ],
  "cliVersion": "0.1.201"
}
